
Microsoft Visual Studio Solution File, Format Version 12.00
# Visual Studio Version 17
VisualStudioVersion = 17.3.32819.101
MinimumVisualStudioVersion = 10.0.40219.1
Project("{FAE04EC0-301F-11D3-BF4B-00C04F79EFBC}") = "218010450_FrontEndMini", "218010450_FrontEndMini\218010450_FrontEndMini.csproj", "{7BDD0ABD-AC79-47B8-89AB-29E3DEC8020D}"
EndProject
Global
	GlobalSection(SolutionConfigurationPlatforms) = preSolution
		Debug|Any CPU = Debug|Any CPU
		Release|Any CPU = Release|Any CPU
	EndGlobalSection
	GlobalSection(ProjectConfigurationPlatforms) = postSolution
		{7BDD0ABD-AC79-47B8-89AB-29E3DEC8020D}.Debug|Any CPU.ActiveCfg = Debug|Any CPU
		{7BDD0ABD-AC79-47B8-89AB-29E3DEC8020D}.Debug|Any CPU.Build.0 = Debug|Any CPU
		{7BDD0ABD-AC79-47B8-89AB-29E3DEC8020D}.Release|Any CPU.ActiveCfg = Release|Any CPU
		{7BDD0ABD-AC79-47B8-89AB-29E3DEC8020D}.Release|Any CPU.Build.0 = Release|Any CPU
	EndGlobalSection
	GlobalSection(SolutionProperties) = preSolution
		HideSolutionNode = FALSE
	EndGlobalSection
	GlobalSection(ExtensibilityGlobals) = postSolution
		SolutionGuid = {24039672-DF95-48E5-8CEB-ED323FC7AE3B}
	EndGlobalSection
EndGlobal
